<?xml version="1.0" encoding="UTF-8" standalone="yes" ?>
<CodeBlocks_project_file>
	<FileVersion major="1" minor="6" />
	<Project>
		<Option title="Afterlife" />
		<Option pch_mode="2" />
		<Option compiler="gcc" />
		<Build>
			<Target title="Debug">
				<Option output="bin/Debug/Afterlife" prefix_auto="1" extension_auto="1" />
				<Option object_output="obj/Debug/" />
				<Option type="1" />
				<Option compiler="gcc" />
				<Compiler>
					<Add option="-g" />
				</Compiler>
			</Target>
			<Target title="Release">
				<Option output="bin/Release/Afterlife" prefix_auto="1" extension_auto="1" />
				<Option object_output="obj/Release/" />
				<Option type="0" />
				<Option compiler="gcc" />
				<Compiler>
					<Add option="-O2" />
				</Compiler>
				<Linker>
					<Add option="-s" />
				</Linker>
			</Target>
		</Build>
		<Compiler>
			<Add option="-Wall" />
			<Add option="-Winvalid-pch" />
			<Add option='-include &quot;src/precompiled.h&quot;' />
			<Add directory="libs" />
		</Compiler>
		<Linker>
			<Add option="-lsfml-audio" />
			<Add option="-lsfml-graphics" />
			<Add option="-lsfml-window" />
			<Add option="-lsfml-system" />
			<Add option="-langelscript" />
			<Add option="-lBox2D" />
			<Add option="-ljson" />
		</Linker>
		<Unit filename="libs/AngelScript/scriptbuilder.cpp" />
		<Unit filename="libs/AngelScript/scriptbuilder.h" />
		<Unit filename="libs/AngelScript/scriptmath.cpp" />
		<Unit filename="libs/AngelScript/scriptmath.h" />
		<Unit filename="libs/AngelScript/scriptstdstring.cpp" />
		<Unit filename="libs/AngelScript/scriptstdstring.h" />
		<Unit filename="libs/TinyXML/tinystr.cpp" />
		<Unit filename="libs/TinyXML/tinystr.h" />
		<Unit filename="libs/TinyXML/tinyxml.cpp" />
		<Unit filename="libs/TinyXML/tinyxml.h" />
		<Unit filename="libs/TinyXML/tinyxmlerror.cpp" />
		<Unit filename="libs/TinyXML/tinyxmlparser.cpp" />
		<Unit filename="src/Animation.cpp" />
		<Unit filename="src/Animation.h" />
		<Unit filename="src/AudioPlayer.cpp" />
		<Unit filename="src/AudioPlayer.h" />
		<Unit filename="src/Collision.cpp" />
		<Unit filename="src/Collision.h" />
		<Unit filename="src/Decal.cpp" />
		<Unit filename="src/Decal.h" />
		<Unit filename="src/Entity.cpp" />
		<Unit filename="src/Entity.h" />
		<Unit filename="src/EntityFactory.cpp" />
		<Unit filename="src/EntityFactory.h" />
		<Unit filename="src/EntityManager.cpp" />
		<Unit filename="src/EntityManager.h" />
		<Unit filename="src/Functions.cpp" />
		<Unit filename="src/Functions.h" />
		<Unit filename="src/Game.cpp" />
		<Unit filename="src/Game.h" />
		<Unit filename="src/GameStates/GameState.cpp" />
		<Unit filename="src/GameStates/GameState.h" />
		<Unit filename="src/GameStates/MenuState.cpp" />
		<Unit filename="src/GameStates/MenuState.h" />
		<Unit filename="src/GameStates/PlayState.cpp" />
		<Unit filename="src/GameStates/PlayState.h" />
		<Unit filename="src/GameStates/TestState.cpp" />
		<Unit filename="src/GameStates/TestState.h" />
		<Unit filename="src/Grenade.cpp" />
		<Unit filename="src/Grenade.h" />
		<Unit filename="src/InputState.cpp" />
		<Unit filename="src/InputState.h" />
		<Unit filename="src/Level.cpp" />
		<Unit filename="src/Level.h" />
		<Unit filename="src/LightManager.cpp" />
		<Unit filename="src/LightManager.h" />
		<Unit filename="src/Logger.cpp" />
		<Unit filename="src/Logger.h" />
		<Unit filename="src/Math.h" />
		<Unit filename="src/Parsing.cpp" />
		<Unit filename="src/Parsing.h" />
		<Unit filename="src/ParticleManager.cpp" />
		<Unit filename="src/ParticleManager.h" />
		<Unit filename="src/ParticleSystem.cpp" />
		<Unit filename="src/ParticleSystem.h" />
		<Unit filename="src/Player.cpp" />
		<Unit filename="src/Player.h" />
		<Unit filename="src/Projectile.cpp" />
		<Unit filename="src/Projectile.h" />
		<Unit filename="src/Renderers/IRenderer.h" />
		<Unit filename="src/Renderers/LightRenderer.cpp" />
		<Unit filename="src/Renderers/LightRenderer.h" />
		<Unit filename="src/ResourceManager.cpp" />
		<Unit filename="src/ResourceManager.h" />
		<Unit filename="src/Scene/Light.cpp" />
		<Unit filename="src/Scene/Light.h" />
		<Unit filename="src/Scene/Object.cpp" />
		<Unit filename="src/Scene/Object.h" />
		<Unit filename="src/Scene/PointLight.cpp" />
		<Unit filename="src/Scene/PointLight.h" />
		<Unit filename="src/Scene/Scene.cpp" />
		<Unit filename="src/Scene/Scene.h" />
		<Unit filename="src/Scene/SpotLight.cpp" />
		<Unit filename="src/Scene/SpotLight.h" />
		<Unit filename="src/Scripting/IScriptInterface.h" />
		<Unit filename="src/Scripting/Script.cpp" />
		<Unit filename="src/Scripting/Script.h" />
		<Unit filename="src/Scripting/ScriptInterface.cpp" />
		<Unit filename="src/Scripting/ScriptInterface.h" />
		<Unit filename="src/Scripting/ScriptManager.cpp" />
		<Unit filename="src/Scripting/ScriptManager.h" />
		<Unit filename="src/Singleton.h" />
		<Unit filename="src/Tile.cpp" />
		<Unit filename="src/Tile.h" />
		<Unit filename="src/UI.cpp" />
		<Unit filename="src/UI.h" />
		<Unit filename="src/Weapon.cpp" />
		<Unit filename="src/Weapon.h" />
		<Unit filename="src/WeaponManager.cpp" />
		<Unit filename="src/WeaponManager.h" />
		<Unit filename="src/WeaponPickup.cpp" />
		<Unit filename="src/WeaponPickup.h" />
		<Unit filename="src/World.cpp" />
		<Unit filename="src/World.h" />
		<Unit filename="src/Zombie.cpp" />
		<Unit filename="src/Zombie.h" />
		<Unit filename="src/main.cpp" />
		<Unit filename="src/precompiled.h">
			<Option compile="1" />
			<Option weight="0" />
		</Unit>
		<Extensions>
			<code_completion />
			<debugger />
		</Extensions>
	</Project>
</CodeBlocks_project_file>
